
Microsoft Visual Studio Solution File, Format Version 12.00
Project("{FAE04EC0-301F-11D3-BF4B-00C04F79EFBC}") = "kuro-desserts", "kuro-desserts.csproj", "{BCB1F322-D3FC-4C99-A4F8-55E32C88C965}"
EndProject
Global
	GlobalSection(SolutionConfigurationPlatforms) = preSolution
		Debug|Any CPU = Debug|Any CPU
		Release|Any CPU = Release|Any CPU
	EndGlobalSection
	GlobalSection(ProjectConfigurationPlatforms) = postSolution
		{BCB1F322-D3FC-4C99-A4F8-55E32C88C965}.Debug|Any CPU.ActiveCfg = Debug|Any CPU
		{BCB1F322-D3FC-4C99-A4F8-55E32C88C965}.Debug|Any CPU.Build.0 = Debug|Any CPU
		{BCB1F322-D3FC-4C99-A4F8-55E32C88C965}.Release|Any CPU.ActiveCfg = Release|Any CPU
		{BCB1F322-D3FC-4C99-A4F8-55E32C88C965}.Release|Any CPU.Build.0 = Release|Any CPU
	EndGlobalSection
EndGlobal
